# THIS IS AN AUTOGENERATED FILE. DO NOT EDIT THIS FILE DIRECTLY.
# yarn lockfile v1


"@nestjs/mapped-types@*":
  version "2.0.5"
  resolved "https://registry.yarnpkg.com/@nestjs/mapped-types/-/mapped-types-2.0.5.tgz#485d6b44e19779c98d04e52bd1d2bcc7001df0ea"
  integrity sha512-bSJv4pd6EY99NX9CjBIyn4TVDoSit82DUZlL4I3bqNfy5Gt+gXTa86i3I/i0iIV9P4hntcGM5GyO+FhZAhxtyg==

"@types/mime@^4.0.0":
  version "4.0.0"
  resolved "https://registry.yarnpkg.com/@types/mime/-/mime-4.0.0.tgz#b5f8a75697ac775ecf1daaea9bfb91cde065b397"
  integrity sha512-5eEkJZ/BLvTE3vXGKkWlyTSUVZuzj23Wj8PoyOq2lt5I3CYbiLBOPb3XmCW6QcuOibIUE6emHXHt9E/F/rCa6w==
  dependencies:
    mime "*"

mime@*:
  version "4.0.1"
  resolved "https://registry.yarnpkg.com/mime/-/mime-4.0.1.tgz#ad7563d1bfe30253ad97dedfae2b1009d01b9470"
  integrity sha512-5lZ5tyrIfliMXzFtkYyekWbtRXObT9OWa8IwQ5uxTBDHucNNwniRqo0yInflj+iYi5CBa6qxadGzGarDfuEOxA==
